<?xml version="1.0" encoding="UTF-8"?>
<Scheme
   version = "1.3">
   <BuildAction>
      <BuildActionEntries>
         <BuildActionEntry
            buildForRunning = "YES">
            <BuildableReference
               BuildableIdentifier = "primary"
               BlueprintIdentifier = "1F0FA683B2C290996A828550"
               BuildableName = "ConnectedByTypphoonSample.app"
               BlueprintName = "ConnectedByTypphoonSample"
               ReferencedContainer = "container:ConnectedByTypphoonSample.xcodeproj">
            </BuildableReference>
         </BuildActionEntry>
      </BuildActionEntries>
   </BuildAction>
   <LaunchAction
      useCustomWorkingDirectory = "NO"
      buildConfiguration = "Debug">
      <BuildableProductRunnable>
         <BuildableReference
            BuildableIdentifier = "primary"
            BlueprintIdentifier = "1F0FA683B2C290996A828550"
            BuildableName = "ConnectedByTypphoonSample.app"
            BlueprintName = "ConnectedByTypphoonSample"
            ReferencedContainer = "container:ConnectedByTypphoonSample.xcodeproj">
         </BuildableReference>
      </BuildableProductRunnable>
   </LaunchAction>
</Scheme>
